
Microsoft Visual Studio Solution File, Format Version 12.00
# Visual Studio Version 16
VisualStudioVersion = 16.0.30907.101
MinimumVisualStudioVersion = 10.0.40219.1
Project("{9A19103F-16F7-4668-BE54-9A1E7A4F7556}") = "IdentityServer", "IdentityServer\IdentityServer.csproj", "{F4464C7F-D621-4ED2-BDBC-689847F46357}"
EndProject
Project("{9A19103F-16F7-4668-BE54-9A1E7A4F7556}") = "ApiOne", "ApiOne\ApiOne.csproj", "{49CE8CF7-184D-4C98-9B73-3421B787D3F4}"
EndProject
Project("{9A19103F-16F7-4668-BE54-9A1E7A4F7556}") = "ApiTwo", "..\ApiTwo\ApiTwo.csproj", "{D2C457E0-92DE-4645-850C-35986C07B88B}"
EndProject
Project("{FAE04EC0-301F-11D3-BF4B-00C04F79EFBC}") = "MvcClient", "MvcClient\MvcClient.csproj", "{E35BC332-2F24-4C98-881F-606BF4D69E14}"
EndProject
Global
	GlobalSection(SolutionConfigurationPlatforms) = preSolution
		Debug|Any CPU = Debug|Any CPU
		Release|Any CPU = Release|Any CPU
	EndGlobalSection
	GlobalSection(ProjectConfigurationPlatforms) = postSolution
		{F4464C7F-D621-4ED2-BDBC-689847F46357}.Debug|Any CPU.ActiveCfg = Debug|Any CPU
		{F4464C7F-D621-4ED2-BDBC-689847F46357}.Debug|Any CPU.Build.0 = Debug|Any CPU
		{F4464C7F-D621-4ED2-BDBC-689847F46357}.Release|Any CPU.ActiveCfg = Release|Any CPU
		{F4464C7F-D621-4ED2-BDBC-689847F46357}.Release|Any CPU.Build.0 = Release|Any CPU
		{49CE8CF7-184D-4C98-9B73-3421B787D3F4}.Debug|Any CPU.ActiveCfg = Debug|Any CPU
		{49CE8CF7-184D-4C98-9B73-3421B787D3F4}.Debug|Any CPU.Build.0 = Debug|Any CPU
		{49CE8CF7-184D-4C98-9B73-3421B787D3F4}.Release|Any CPU.ActiveCfg = Release|Any CPU
		{49CE8CF7-184D-4C98-9B73-3421B787D3F4}.Release|Any CPU.Build.0 = Release|Any CPU
		{D2C457E0-92DE-4645-850C-35986C07B88B}.Debug|Any CPU.ActiveCfg = Debug|Any CPU
		{D2C457E0-92DE-4645-850C-35986C07B88B}.Debug|Any CPU.Build.0 = Debug|Any CPU
		{D2C457E0-92DE-4645-850C-35986C07B88B}.Release|Any CPU.ActiveCfg = Release|Any CPU
		{D2C457E0-92DE-4645-850C-35986C07B88B}.Release|Any CPU.Build.0 = Release|Any CPU
		{E35BC332-2F24-4C98-881F-606BF4D69E14}.Debug|Any CPU.ActiveCfg = Debug|Any CPU
		{E35BC332-2F24-4C98-881F-606BF4D69E14}.Debug|Any CPU.Build.0 = Debug|Any CPU
		{E35BC332-2F24-4C98-881F-606BF4D69E14}.Release|Any CPU.ActiveCfg = Release|Any CPU
		{E35BC332-2F24-4C98-881F-606BF4D69E14}.Release|Any CPU.Build.0 = Release|Any CPU
	EndGlobalSection
	GlobalSection(SolutionProperties) = preSolution
		HideSolutionNode = FALSE
	EndGlobalSection
	GlobalSection(ExtensibilityGlobals) = postSolution
		SolutionGuid = {664746A8-26B6-47FC-9306-9189AF5825A2}
	EndGlobalSection
EndGlobal
